
Microsoft Visual Studio Solution File, Format Version 12.00
# Visual Studio 15
VisualStudioVersion = 15.0.27703.2047
MinimumVisualStudioVersion = 10.0.40219.1
Project("{FAE04EC0-301F-11D3-BF4B-00C04F79EFBC}") = "BaseForm", "BaseForm\BaseForm.csproj", "{703045D1-B601-4AF4-B203-99F99E7BE748}"
EndProject
Project("{FAE04EC0-301F-11D3-BF4B-00C04F79EFBC}") = "Acces", "Acces\Acces.csproj", "{D92B474E-F5CD-46BF-BBE3-9A46903D0A96}"
EndProject
Global
	GlobalSection(SolutionConfigurationPlatforms) = preSolution
		Debug|Any CPU = Debug|Any CPU
		Release|Any CPU = Release|Any CPU
	EndGlobalSection
	GlobalSection(ProjectConfigurationPlatforms) = postSolution
		{703045D1-B601-4AF4-B203-99F99E7BE748}.Debug|Any CPU.ActiveCfg = Debug|Any CPU
		{703045D1-B601-4AF4-B203-99F99E7BE748}.Debug|Any CPU.Build.0 = Debug|Any CPU
		{703045D1-B601-4AF4-B203-99F99E7BE748}.Release|Any CPU.ActiveCfg = Release|Any CPU
		{703045D1-B601-4AF4-B203-99F99E7BE748}.Release|Any CPU.Build.0 = Release|Any CPU
		{D92B474E-F5CD-46BF-BBE3-9A46903D0A96}.Debug|Any CPU.ActiveCfg = Debug|Any CPU
		{D92B474E-F5CD-46BF-BBE3-9A46903D0A96}.Debug|Any CPU.Build.0 = Debug|Any CPU
		{D92B474E-F5CD-46BF-BBE3-9A46903D0A96}.Release|Any CPU.ActiveCfg = Release|Any CPU
		{D92B474E-F5CD-46BF-BBE3-9A46903D0A96}.Release|Any CPU.Build.0 = Release|Any CPU
	EndGlobalSection
	GlobalSection(SolutionProperties) = preSolution
		HideSolutionNode = FALSE
	EndGlobalSection
	GlobalSection(ExtensibilityGlobals) = postSolution
		SolutionGuid = {73FEA4A8-D2A7-4ADE-A330-FFFD521B6D53}
	EndGlobalSection
EndGlobal
