
Microsoft Visual Studio Solution File, Format Version 12.00
# Visual Studio 15
VisualStudioVersion = 15.0.27703.2047
MinimumVisualStudioVersion = 10.0.40219.1
Project("{FAE04EC0-301F-11D3-BF4B-00C04F79EFBC}") = "CentralTelefonica", "CentralTelefonica\CentralTelefonica.csproj", "{B5F8565B-0574-42F2-B68D-B242EFB90A0E}"
EndProject
Project("{FAE04EC0-301F-11D3-BF4B-00C04F79EFBC}") = "CentralitaHerencia", "CentralitaHerencia\CentralitaHerencia.csproj", "{CD7AAF09-AD3B-4F47-9607-D76E95BEFB68}"
EndProject
Global
	GlobalSection(SolutionConfigurationPlatforms) = preSolution
		Debug|Any CPU = Debug|Any CPU
		Release|Any CPU = Release|Any CPU
	EndGlobalSection
	GlobalSection(ProjectConfigurationPlatforms) = postSolution
		{B5F8565B-0574-42F2-B68D-B242EFB90A0E}.Debug|Any CPU.ActiveCfg = Debug|Any CPU
		{B5F8565B-0574-42F2-B68D-B242EFB90A0E}.Debug|Any CPU.Build.0 = Debug|Any CPU
		{B5F8565B-0574-42F2-B68D-B242EFB90A0E}.Release|Any CPU.ActiveCfg = Release|Any CPU
		{B5F8565B-0574-42F2-B68D-B242EFB90A0E}.Release|Any CPU.Build.0 = Release|Any CPU
		{CD7AAF09-AD3B-4F47-9607-D76E95BEFB68}.Debug|Any CPU.ActiveCfg = Debug|Any CPU
		{CD7AAF09-AD3B-4F47-9607-D76E95BEFB68}.Debug|Any CPU.Build.0 = Debug|Any CPU
		{CD7AAF09-AD3B-4F47-9607-D76E95BEFB68}.Release|Any CPU.ActiveCfg = Release|Any CPU
		{CD7AAF09-AD3B-4F47-9607-D76E95BEFB68}.Release|Any CPU.Build.0 = Release|Any CPU
	EndGlobalSection
	GlobalSection(SolutionProperties) = preSolution
		HideSolutionNode = FALSE
	EndGlobalSection
	GlobalSection(ExtensibilityGlobals) = postSolution
		SolutionGuid = {04DDE521-36D3-4FA4-959E-B529BA5B4CE8}
	EndGlobalSection
EndGlobal
