
Microsoft Visual Studio Solution File, Format Version 12.00
# Visual Studio 15
VisualStudioVersion = 15.0.27703.2047
MinimumVisualStudioVersion = 10.0.40219.1
Project("{FAE04EC0-301F-11D3-BF4B-00C04F79EFBC}") = "Ejercicio1", "Ejercicio1\Ejercicio1.csproj", "{DC5B0C99-B44B-4E73-8F32-DE2C9AC0439B}"
EndProject
Project("{FAE04EC0-301F-11D3-BF4B-00C04F79EFBC}") = "Ejercicio2", "Ejercicio2\Ejercicio2.csproj", "{8F0F6323-1AA1-48F1-AB75-C70AA315275E}"
EndProject
Project("{FAE04EC0-301F-11D3-BF4B-00C04F79EFBC}") = "Ejercicio3", "Ejercicio3\Ejercicio3.csproj", "{E267746B-D9B6-4687-8BA5-9DF3392B807A}"
EndProject
Project("{FAE04EC0-301F-11D3-BF4B-00C04F79EFBC}") = "Ejercicio4", "Ejercicio4\Ejercicio4.csproj", "{31168DAF-FF37-4FBB-8C2A-0AB3B0212844}"
EndProject
Project("{FAE04EC0-301F-11D3-BF4B-00C04F79EFBC}") = "Ejercicio5", "Ejercicio5\Ejercicio5.csproj", "{C28E2C10-9AE1-46DC-AAE4-2CEEC8D9F014}"
EndProject
Project("{FAE04EC0-301F-11D3-BF4B-00C04F79EFBC}") = "Ejercicio6", "Ejercicio6\Ejercicio6.csproj", "{9A6A05C0-20CD-4B23-9A76-40053D4BC0E4}"
EndProject
Project("{FAE04EC0-301F-11D3-BF4B-00C04F79EFBC}") = "Ejercicio7", "Ejercicio7\Ejercicio7.csproj", "{E6D52016-BF45-42DF-AF0D-5E83A65F0971}"
EndProject
Project("{FAE04EC0-301F-11D3-BF4B-00C04F79EFBC}") = "Ejercicio8", "Ejercicio8\Ejercicio8.csproj", "{B5C29F59-2E1D-4FFA-BB43-F336B14FA6A2}"
EndProject
Project("{FAE04EC0-301F-11D3-BF4B-00C04F79EFBC}") = "Ejercicio9", "Ejercicio9\Ejercicio9.csproj", "{8279D74B-25F1-4A7F-9ECC-D06D52DBE6BA}"
EndProject
Project("{FAE04EC0-301F-11D3-BF4B-00C04F79EFBC}") = "Ejercicio10", "Ejercicio10\Ejercicio10.csproj", "{F1C69616-D3C3-46FF-A723-FA6AA66D608A}"
EndProject
Project("{FAE04EC0-301F-11D3-BF4B-00C04F79EFBC}") = "Ejercicio11", "Ejercicio11\Ejercicio11.csproj", "{9E16A1FD-6958-400D-A676-637CFF4A89EA}"
EndProject
Project("{FAE04EC0-301F-11D3-BF4B-00C04F79EFBC}") = "Ejercicio12", "Ejercicio12\Ejercicio12.csproj", "{E561D6B5-5EE6-439F-ADE5-51C9E1BD867E}"
EndProject
Global
	GlobalSection(SolutionConfigurationPlatforms) = preSolution
		Debug|Any CPU = Debug|Any CPU
		Release|Any CPU = Release|Any CPU
	EndGlobalSection
	GlobalSection(ProjectConfigurationPlatforms) = postSolution
		{DC5B0C99-B44B-4E73-8F32-DE2C9AC0439B}.Debug|Any CPU.ActiveCfg = Debug|Any CPU
		{DC5B0C99-B44B-4E73-8F32-DE2C9AC0439B}.Debug|Any CPU.Build.0 = Debug|Any CPU
		{DC5B0C99-B44B-4E73-8F32-DE2C9AC0439B}.Release|Any CPU.ActiveCfg = Release|Any CPU
		{DC5B0C99-B44B-4E73-8F32-DE2C9AC0439B}.Release|Any CPU.Build.0 = Release|Any CPU
		{8F0F6323-1AA1-48F1-AB75-C70AA315275E}.Debug|Any CPU.ActiveCfg = Debug|Any CPU
		{8F0F6323-1AA1-48F1-AB75-C70AA315275E}.Debug|Any CPU.Build.0 = Debug|Any CPU
		{8F0F6323-1AA1-48F1-AB75-C70AA315275E}.Release|Any CPU.ActiveCfg = Release|Any CPU
		{8F0F6323-1AA1-48F1-AB75-C70AA315275E}.Release|Any CPU.Build.0 = Release|Any CPU
		{E267746B-D9B6-4687-8BA5-9DF3392B807A}.Debug|Any CPU.ActiveCfg = Debug|Any CPU
		{E267746B-D9B6-4687-8BA5-9DF3392B807A}.Debug|Any CPU.Build.0 = Debug|Any CPU
		{E267746B-D9B6-4687-8BA5-9DF3392B807A}.Release|Any CPU.ActiveCfg = Release|Any CPU
		{E267746B-D9B6-4687-8BA5-9DF3392B807A}.Release|Any CPU.Build.0 = Release|Any CPU
		{31168DAF-FF37-4FBB-8C2A-0AB3B0212844}.Debug|Any CPU.ActiveCfg = Debug|Any CPU
		{31168DAF-FF37-4FBB-8C2A-0AB3B0212844}.Debug|Any CPU.Build.0 = Debug|Any CPU
		{31168DAF-FF37-4FBB-8C2A-0AB3B0212844}.Release|Any CPU.ActiveCfg = Release|Any CPU
		{31168DAF-FF37-4FBB-8C2A-0AB3B0212844}.Release|Any CPU.Build.0 = Release|Any CPU
		{C28E2C10-9AE1-46DC-AAE4-2CEEC8D9F014}.Debug|Any CPU.ActiveCfg = Debug|Any CPU
		{C28E2C10-9AE1-46DC-AAE4-2CEEC8D9F014}.Debug|Any CPU.Build.0 = Debug|Any CPU
		{C28E2C10-9AE1-46DC-AAE4-2CEEC8D9F014}.Release|Any CPU.ActiveCfg = Release|Any CPU
		{C28E2C10-9AE1-46DC-AAE4-2CEEC8D9F014}.Release|Any CPU.Build.0 = Release|Any CPU
		{9A6A05C0-20CD-4B23-9A76-40053D4BC0E4}.Debug|Any CPU.ActiveCfg = Debug|Any CPU
		{9A6A05C0-20CD-4B23-9A76-40053D4BC0E4}.Debug|Any CPU.Build.0 = Debug|Any CPU
		{9A6A05C0-20CD-4B23-9A76-40053D4BC0E4}.Release|Any CPU.ActiveCfg = Release|Any CPU
		{9A6A05C0-20CD-4B23-9A76-40053D4BC0E4}.Release|Any CPU.Build.0 = Release|Any CPU
		{E6D52016-BF45-42DF-AF0D-5E83A65F0971}.Debug|Any CPU.ActiveCfg = Debug|Any CPU
		{E6D52016-BF45-42DF-AF0D-5E83A65F0971}.Debug|Any CPU.Build.0 = Debug|Any CPU
		{E6D52016-BF45-42DF-AF0D-5E83A65F0971}.Release|Any CPU.ActiveCfg = Release|Any CPU
		{E6D52016-BF45-42DF-AF0D-5E83A65F0971}.Release|Any CPU.Build.0 = Release|Any CPU
		{B5C29F59-2E1D-4FFA-BB43-F336B14FA6A2}.Debug|Any CPU.ActiveCfg = Debug|Any CPU
		{B5C29F59-2E1D-4FFA-BB43-F336B14FA6A2}.Debug|Any CPU.Build.0 = Debug|Any CPU
		{B5C29F59-2E1D-4FFA-BB43-F336B14FA6A2}.Release|Any CPU.ActiveCfg = Release|Any CPU
		{B5C29F59-2E1D-4FFA-BB43-F336B14FA6A2}.Release|Any CPU.Build.0 = Release|Any CPU
		{8279D74B-25F1-4A7F-9ECC-D06D52DBE6BA}.Debug|Any CPU.ActiveCfg = Debug|Any CPU
		{8279D74B-25F1-4A7F-9ECC-D06D52DBE6BA}.Debug|Any CPU.Build.0 = Debug|Any CPU
		{8279D74B-25F1-4A7F-9ECC-D06D52DBE6BA}.Release|Any CPU.ActiveCfg = Release|Any CPU
		{8279D74B-25F1-4A7F-9ECC-D06D52DBE6BA}.Release|Any CPU.Build.0 = Release|Any CPU
		{F1C69616-D3C3-46FF-A723-FA6AA66D608A}.Debug|Any CPU.ActiveCfg = Debug|Any CPU
		{F1C69616-D3C3-46FF-A723-FA6AA66D608A}.Debug|Any CPU.Build.0 = Debug|Any CPU
		{F1C69616-D3C3-46FF-A723-FA6AA66D608A}.Release|Any CPU.ActiveCfg = Release|Any CPU
		{F1C69616-D3C3-46FF-A723-FA6AA66D608A}.Release|Any CPU.Build.0 = Release|Any CPU
		{9E16A1FD-6958-400D-A676-637CFF4A89EA}.Debug|Any CPU.ActiveCfg = Debug|Any CPU
		{9E16A1FD-6958-400D-A676-637CFF4A89EA}.Debug|Any CPU.Build.0 = Debug|Any CPU
		{9E16A1FD-6958-400D-A676-637CFF4A89EA}.Release|Any CPU.ActiveCfg = Release|Any CPU
		{9E16A1FD-6958-400D-A676-637CFF4A89EA}.Release|Any CPU.Build.0 = Release|Any CPU
		{E561D6B5-5EE6-439F-ADE5-51C9E1BD867E}.Debug|Any CPU.ActiveCfg = Debug|Any CPU
		{E561D6B5-5EE6-439F-ADE5-51C9E1BD867E}.Debug|Any CPU.Build.0 = Debug|Any CPU
		{E561D6B5-5EE6-439F-ADE5-51C9E1BD867E}.Release|Any CPU.ActiveCfg = Release|Any CPU
		{E561D6B5-5EE6-439F-ADE5-51C9E1BD867E}.Release|Any CPU.Build.0 = Release|Any CPU
	EndGlobalSection
	GlobalSection(SolutionProperties) = preSolution
		HideSolutionNode = FALSE
	EndGlobalSection
	GlobalSection(ExtensibilityGlobals) = postSolution
		SolutionGuid = {0D1C8C0D-D0E5-4818-89F4-0F844B372FC2}
	EndGlobalSection
EndGlobal
