
Microsoft Visual Studio Solution File, Format Version 12.00
# Visual Studio 15
VisualStudioVersion = 15.0.27703.2047
MinimumVisualStudioVersion = 10.0.40219.1
Project("{FAE04EC0-301F-11D3-BF4B-00C04F79EFBC}") = "ProbandoQueOnda", "ProbandoQueOnda\ProbandoQueOnda.csproj", "{A595F7A3-1413-48DF-8BD2-128018363F65}"
EndProject
Global
	GlobalSection(SolutionConfigurationPlatforms) = preSolution
		Debug|Any CPU = Debug|Any CPU
		Release|Any CPU = Release|Any CPU
	EndGlobalSection
	GlobalSection(ProjectConfigurationPlatforms) = postSolution
		{A595F7A3-1413-48DF-8BD2-128018363F65}.Debug|Any CPU.ActiveCfg = Debug|Any CPU
		{A595F7A3-1413-48DF-8BD2-128018363F65}.Debug|Any CPU.Build.0 = Debug|Any CPU
		{A595F7A3-1413-48DF-8BD2-128018363F65}.Release|Any CPU.ActiveCfg = Release|Any CPU
		{A595F7A3-1413-48DF-8BD2-128018363F65}.Release|Any CPU.Build.0 = Release|Any CPU
	EndGlobalSection
	GlobalSection(SolutionProperties) = preSolution
		HideSolutionNode = FALSE
	EndGlobalSection
	GlobalSection(ExtensibilityGlobals) = postSolution
		SolutionGuid = {BADEC86F-201E-46D6-99E9-909CCABE1A97}
	EndGlobalSection
EndGlobal
