
Microsoft Visual Studio Solution File, Format Version 12.00
# Visual Studio 15
VisualStudioVersion = 15.0.27703.2047
MinimumVisualStudioVersion = 10.0.40219.1
Project("{FAE04EC0-301F-11D3-BF4B-00C04F79EFBC}") = "VistaConsola", "VistaConsola\VistaConsola.csproj", "{F7C8CF7C-0F7A-4EF8-A862-96E74CFEE944}"
EndProject
Project("{FAE04EC0-301F-11D3-BF4B-00C04F79EFBC}") = "Entidades", "Entidades\Entidades.csproj", "{E8E1A77A-C34C-454B-B58D-F894FAFDF663}"
EndProject
Project("{FAE04EC0-301F-11D3-BF4B-00C04F79EFBC}") = "VistaForm", "VistaForm\VistaForm.csproj", "{8F6C2211-AA22-454E-A320-3C9B8D7786B3}"
EndProject
Global
	GlobalSection(SolutionConfigurationPlatforms) = preSolution
		Debug|Any CPU = Debug|Any CPU
		Release|Any CPU = Release|Any CPU
	EndGlobalSection
	GlobalSection(ProjectConfigurationPlatforms) = postSolution
		{F7C8CF7C-0F7A-4EF8-A862-96E74CFEE944}.Debug|Any CPU.ActiveCfg = Debug|Any CPU
		{F7C8CF7C-0F7A-4EF8-A862-96E74CFEE944}.Debug|Any CPU.Build.0 = Debug|Any CPU
		{F7C8CF7C-0F7A-4EF8-A862-96E74CFEE944}.Release|Any CPU.ActiveCfg = Release|Any CPU
		{F7C8CF7C-0F7A-4EF8-A862-96E74CFEE944}.Release|Any CPU.Build.0 = Release|Any CPU
		{E8E1A77A-C34C-454B-B58D-F894FAFDF663}.Debug|Any CPU.ActiveCfg = Debug|Any CPU
		{E8E1A77A-C34C-454B-B58D-F894FAFDF663}.Debug|Any CPU.Build.0 = Debug|Any CPU
		{E8E1A77A-C34C-454B-B58D-F894FAFDF663}.Release|Any CPU.ActiveCfg = Release|Any CPU
		{E8E1A77A-C34C-454B-B58D-F894FAFDF663}.Release|Any CPU.Build.0 = Release|Any CPU
		{8F6C2211-AA22-454E-A320-3C9B8D7786B3}.Debug|Any CPU.ActiveCfg = Debug|Any CPU
		{8F6C2211-AA22-454E-A320-3C9B8D7786B3}.Debug|Any CPU.Build.0 = Debug|Any CPU
		{8F6C2211-AA22-454E-A320-3C9B8D7786B3}.Release|Any CPU.ActiveCfg = Release|Any CPU
		{8F6C2211-AA22-454E-A320-3C9B8D7786B3}.Release|Any CPU.Build.0 = Release|Any CPU
	EndGlobalSection
	GlobalSection(SolutionProperties) = preSolution
		HideSolutionNode = FALSE
	EndGlobalSection
	GlobalSection(ExtensibilityGlobals) = postSolution
		SolutionGuid = {319551F0-51FF-46C9-B609-A2A35EC43B8A}
	EndGlobalSection
EndGlobal
